{
  "name": "fritzbox-webhook-call-logger",
  "version": "1.0.0",
  "lockfileVersion": 1,
  "requires": true,
  "dependencies": {
    "telnet-stream": {
      "version": "1.0.4",
      "resolved": "https://registry.npmjs.org/telnet-stream/-/telnet-stream-1.0.4.tgz",
      "integrity": "sha512-2nYMIPngNDfUFe4H3Qb/DM6CY08YoC34mBQhT+iv+fWlJrjOJUDHRTpmVo876EzKJlpxLI32yKVmjHHdX6TtpA=="
    }
  }
}
